// !$*UTF8*$!
{
	archiveVersion = 1;
	classes = {
	};
	objectVersion = 51;
	objects = {

/* Begin PBXBuildFile section */
		155E3A56C9EDB9A5BC3C6991 /* Pods_AddressBook.framework in Frameworks */ = {isa = PBXBuildFile; fileRef = F83209A7565EB3DC7F827781 /* Pods_AddressBook.framework */; };
		5B084D7B29E79BB2E5A6C49B /* Pods_AddressBookTests.framework in Frameworks */ = {isa = PBXBuildFile; fileRef = 96356CCF15C2F5148C5EF55F /* Pods_AddressBookTests.framework */; };
		863066C423720024003F7649 /* ContactsListViewController.swift in Sources */ = {isa = PBXBuildFile; fileRef = 863066C323720024003F7649 /* ContactsListViewController.swift */; };
		863066C6237201DC003F7649 /* ContactsListViewModelImpl.swift in Sources */ = {isa = PBXBuildFile; fileRef = 863066C5237201DC003F7649 /* ContactsListViewModelImpl.swift */; };
		863066C8237201E5003F7649 /* ContactListInteractor.swift in Sources */ = {isa = PBXBuildFile; fileRef = 863066C7237201E5003F7649 /* ContactListInteractor.swift */; };
		863066CA237201F3003F7649 /* ContactsListRouterImpl.swift in Sources */ = {isa = PBXBuildFile; fileRef = 863066C9237201F3003F7649 /* ContactsListRouterImpl.swift */; };
		863066CC23720200003F7649 /* ContactsListBuilderImpl.swift in Sources */ = {isa = PBXBuildFile; fileRef = 863066CB23720200003F7649 /* ContactsListBuilderImpl.swift */; };
		863066D123720D1D003F7649 /* RootBuilderImpl.swift in Sources */ = {isa = PBXBuildFile; fileRef = 863066D023720D1D003F7649 /* RootBuilderImpl.swift */; };
		863066D323720D2D003F7649 /* RootRouterImpl.swift in Sources */ = {isa = PBXBuildFile; fileRef = 863066D223720D2D003F7649 /* RootRouterImpl.swift */; };
		863066D523720D40003F7649 /* RootCoordinatorImpl.swift in Sources */ = {isa = PBXBuildFile; fileRef = 863066D423720D40003F7649 /* RootCoordinatorImpl.swift */; };
		863066D723720D78003F7649 /* AppComponent.swift in Sources */ = {isa = PBXBuildFile; fileRef = 863066D623720D78003F7649 /* AppComponent.swift */; };
		863066D923720EB4003F7649 /* ContactsListContract.swift in Sources */ = {isa = PBXBuildFile; fileRef = 863066D823720EB4003F7649 /* ContactsListContract.swift */; };
		863066DB23721344003F7649 /* ContactsListCoordinatorImpl.swift in Sources */ = {isa = PBXBuildFile; fileRef = 863066DA23721344003F7649 /* ContactsListCoordinatorImpl.swift */; };
		863066DD2372145A003F7649 /* RootContract.swift in Sources */ = {isa = PBXBuildFile; fileRef = 863066DC2372145A003F7649 /* RootContract.swift */; };
		863066DF2372152A003F7649 /* RootViewController.swift in Sources */ = {isa = PBXBuildFile; fileRef = 863066DE2372152A003F7649 /* RootViewController.swift */; };
		863066E3237216BB003F7649 /* RootComponent.swift in Sources */ = {isa = PBXBuildFile; fileRef = 863066E2237216BB003F7649 /* RootComponent.swift */; };
		866ADBB82371F6FB00B5CA06 /* AppDelegate.swift in Sources */ = {isa = PBXBuildFile; fileRef = 866ADBB72371F6FB00B5CA06 /* AppDelegate.swift */; };
		866ADBBA2371F6FB00B5CA06 /* ViewController.swift in Sources */ = {isa = PBXBuildFile; fileRef = 866ADBB92371F6FB00B5CA06 /* ViewController.swift */; };
		866ADBBF2371F6FC00B5CA06 /* Assets.xcassets in Resources */ = {isa = PBXBuildFile; fileRef = 866ADBBE2371F6FC00B5CA06 /* Assets.xcassets */; };
		866ADBC22371F6FC00B5CA06 /* LaunchScreen.storyboard in Resources */ = {isa = PBXBuildFile; fileRef = 866ADBC02371F6FC00B5CA06 /* LaunchScreen.storyboard */; };
		866ADBCD2371F6FC00B5CA06 /* AddressBookTests.swift in Sources */ = {isa = PBXBuildFile; fileRef = 866ADBCC2371F6FC00B5CA06 /* AddressBookTests.swift */; };
/* End PBXBuildFile section */

/* Begin PBXContainerItemProxy section */
		866ADBC92371F6FC00B5CA06 /* PBXContainerItemProxy */ = {
			isa = PBXContainerItemProxy;
			containerPortal = 866ADBAC2371F6FB00B5CA06 /* Project object */;
			proxyType = 1;
			remoteGlobalIDString = 866ADBB32371F6FB00B5CA06;
			remoteInfo = AddressBook;
		};
/* End PBXContainerItemProxy section */

/* Begin PBXFileReference section */
		0DDED7D938DEA6CDAA74B2DF /* Pods-AddressBook.release.xcconfig */ = {isa = PBXFileReference; includeInIndex = 1; lastKnownFileType = text.xcconfig; name = "Pods-AddressBook.release.xcconfig"; path = "Target Support Files/Pods-AddressBook/Pods-AddressBook.release.xcconfig"; sourceTree = "<group>"; };
		70C6EF6CB15B3832A861B6CD /* Pods-AddressBookTests.release.xcconfig */ = {isa = PBXFileReference; includeInIndex = 1; lastKnownFileType = text.xcconfig; name = "Pods-AddressBookTests.release.xcconfig"; path = "Target Support Files/Pods-AddressBookTests/Pods-AddressBookTests.release.xcconfig"; sourceTree = "<group>"; };
		7B50F990FE117F942A34C350 /* Pods-AddressBookTests.debug.xcconfig */ = {isa = PBXFileReference; includeInIndex = 1; lastKnownFileType = text.xcconfig; name = "Pods-AddressBookTests.debug.xcconfig"; path = "Target Support Files/Pods-AddressBookTests/Pods-AddressBookTests.debug.xcconfig"; sourceTree = "<group>"; };
		863066C323720024003F7649 /* ContactsListViewController.swift */ = {isa = PBXFileReference; lastKnownFileType = sourcecode.swift; path = ContactsListViewController.swift; sourceTree = "<group>"; };
		863066C5237201DC003F7649 /* ContactsListViewModelImpl.swift */ = {isa = PBXFileReference; lastKnownFileType = sourcecode.swift; path = ContactsListViewModelImpl.swift; sourceTree = "<group>"; };
		863066C7237201E5003F7649 /* ContactListInteractor.swift */ = {isa = PBXFileReference; lastKnownFileType = sourcecode.swift; path = ContactListInteractor.swift; sourceTree = "<group>"; };
		863066C9237201F3003F7649 /* ContactsListRouterImpl.swift */ = {isa = PBXFileReference; lastKnownFileType = sourcecode.swift; path = ContactsListRouterImpl.swift; sourceTree = "<group>"; };
		863066CB23720200003F7649 /* ContactsListBuilderImpl.swift */ = {isa = PBXFileReference; lastKnownFileType = sourcecode.swift; path = ContactsListBuilderImpl.swift; sourceTree = "<group>"; };
		863066D023720D1D003F7649 /* RootBuilderImpl.swift */ = {isa = PBXFileReference; lastKnownFileType = sourcecode.swift; path = RootBuilderImpl.swift; sourceTree = "<group>"; };
		863066D223720D2D003F7649 /* RootRouterImpl.swift */ = {isa = PBXFileReference; lastKnownFileType = sourcecode.swift; path = RootRouterImpl.swift; sourceTree = "<group>"; };
		863066D423720D40003F7649 /* RootCoordinatorImpl.swift */ = {isa = PBXFileReference; lastKnownFileType = sourcecode.swift; path = RootCoordinatorImpl.swift; sourceTree = "<group>"; };
		863066D623720D78003F7649 /* AppComponent.swift */ = {isa = PBXFileReference; lastKnownFileType = sourcecode.swift; path = AppComponent.swift; sourceTree = "<group>"; };
		863066D823720EB4003F7649 /* ContactsListContract.swift */ = {isa = PBXFileReference; lastKnownFileType = sourcecode.swift; path = ContactsListContract.swift; sourceTree = "<group>"; };
		863066DA23721344003F7649 /* ContactsListCoordinatorImpl.swift */ = {isa = PBXFileReference; lastKnownFileType = sourcecode.swift; path = ContactsListCoordinatorImpl.swift; sourceTree = "<group>"; };
		863066DC2372145A003F7649 /* RootContract.swift */ = {isa = PBXFileReference; lastKnownFileType = sourcecode.swift; path = RootContract.swift; sourceTree = "<group>"; };
		863066DE2372152A003F7649 /* RootViewController.swift */ = {isa = PBXFileReference; lastKnownFileType = sourcecode.swift; path = RootViewController.swift; sourceTree = "<group>"; };
		863066E2237216BB003F7649 /* RootComponent.swift */ = {isa = PBXFileReference; lastKnownFileType = sourcecode.swift; path = RootComponent.swift; sourceTree = "<group>"; };
		866ADBB42371F6FB00B5CA06 /* AddressBook.app */ = {isa = PBXFileReference; explicitFileType = wrapper.application; includeInIndex = 0; path = AddressBook.app; sourceTree = BUILT_PRODUCTS_DIR; };
		866ADBB72371F6FB00B5CA06 /* AppDelegate.swift */ = {isa = PBXFileReference; lastKnownFileType = sourcecode.swift; path = AppDelegate.swift; sourceTree = "<group>"; };
		866ADBB92371F6FB00B5CA06 /* ViewController.swift */ = {isa = PBXFileReference; lastKnownFileType = sourcecode.swift; path = ViewController.swift; sourceTree = "<group>"; };
		866ADBBE2371F6FC00B5CA06 /* Assets.xcassets */ = {isa = PBXFileReference; lastKnownFileType = folder.assetcatalog; path = Assets.xcassets; sourceTree = "<group>"; };
		866ADBC12371F6FC00B5CA06 /* Base */ = {isa = PBXFileReference; lastKnownFileType = file.storyboard; name = Base; path = Base.lproj/LaunchScreen.storyboard; sourceTree = "<group>"; };
		866ADBC32371F6FC00B5CA06 /* Info.plist */ = {isa = PBXFileReference; lastKnownFileType = text.plist.xml; path = Info.plist; sourceTree = "<group>"; };
		866ADBC82371F6FC00B5CA06 /* AddressBookTests.xctest */ = {isa = PBXFileReference; explicitFileType = wrapper.cfbundle; includeInIndex = 0; path = AddressBookTests.xctest; sourceTree = BUILT_PRODUCTS_DIR; };
		866ADBCC2371F6FC00B5CA06 /* AddressBookTests.swift */ = {isa = PBXFileReference; lastKnownFileType = sourcecode.swift; path = AddressBookTests.swift; sourceTree = "<group>"; };
		866ADBCE2371F6FC00B5CA06 /* Info.plist */ = {isa = PBXFileReference; lastKnownFileType = text.plist.xml; path = Info.plist; sourceTree = "<group>"; };
		8693FF14602B8BACB6CFDA86 /* Pods-AddressBook.debug.xcconfig */ = {isa = PBXFileReference; includeInIndex = 1; lastKnownFileType = text.xcconfig; name = "Pods-AddressBook.debug.xcconfig"; path = "Target Support Files/Pods-AddressBook/Pods-AddressBook.debug.xcconfig"; sourceTree = "<group>"; };
		96356CCF15C2F5148C5EF55F /* Pods_AddressBookTests.framework */ = {isa = PBXFileReference; explicitFileType = wrapper.framework; includeInIndex = 0; path = Pods_AddressBookTests.framework; sourceTree = BUILT_PRODUCTS_DIR; };
		F83209A7565EB3DC7F827781 /* Pods_AddressBook.framework */ = {isa = PBXFileReference; explicitFileType = wrapper.framework; includeInIndex = 0; path = Pods_AddressBook.framework; sourceTree = BUILT_PRODUCTS_DIR; };
/* End PBXFileReference section */

/* Begin PBXFrameworksBuildPhase section */
		866ADBB12371F6FB00B5CA06 /* Frameworks */ = {
			isa = PBXFrameworksBuildPhase;
			buildActionMask = 2147483647;
			files = (
				155E3A56C9EDB9A5BC3C6991 /* Pods_AddressBook.framework in Frameworks */,
			);
			runOnlyForDeploymentPostprocessing = 0;
		};
		866ADBC52371F6FC00B5CA06 /* Frameworks */ = {
			isa = PBXFrameworksBuildPhase;
			buildActionMask = 2147483647;
			files = (
				5B084D7B29E79BB2E5A6C49B /* Pods_AddressBookTests.framework in Frameworks */,
			);
			runOnlyForDeploymentPostprocessing = 0;
		};
/* End PBXFrameworksBuildPhase section */

/* Begin PBXGroup section */
		863066C02371FD57003F7649 /* Domain */ = {
			isa = PBXGroup;
			children = (
				863066C7237201E5003F7649 /* ContactListInteractor.swift */,
			);
			path = Domain;
			sourceTree = "<group>";
		};
		863066C12371FD69003F7649 /* Data */ = {
			isa = PBXGroup;
			children = (
			);
			path = Data;
			sourceTree = "<group>";
		};
		863066C22371FD75003F7649 /* Presentation */ = {
			isa = PBXGroup;
			children = (
				863066CF23720D13003F7649 /* Root */,
				863066CE23720D0C003F7649 /* ContactsList */,
			);
			path = Presentation;
			sourceTree = "<group>";
		};
		863066CD237202CF003F7649 /* Application */ = {
			isa = PBXGroup;
			children = (
				866ADBB72371F6FB00B5CA06 /* AppDelegate.swift */,
				863066D623720D78003F7649 /* AppComponent.swift */,
			);
			path = Application;
			sourceTree = "<group>";
		};
		863066CE23720D0C003F7649 /* ContactsList */ = {
			isa = PBXGroup;
			children = (
				863066D823720EB4003F7649 /* ContactsListContract.swift */,
				863066C323720024003F7649 /* ContactsListViewController.swift */,
				863066C5237201DC003F7649 /* ContactsListViewModelImpl.swift */,
				863066DA23721344003F7649 /* ContactsListCoordinatorImpl.swift */,
				863066C9237201F3003F7649 /* ContactsListRouterImpl.swift */,
				863066CB23720200003F7649 /* ContactsListBuilderImpl.swift */,
			);
			path = ContactsList;
			sourceTree = "<group>";
		};
		863066CF23720D13003F7649 /* Root */ = {
			isa = PBXGroup;
			children = (
				863066DC2372145A003F7649 /* RootContract.swift */,
				863066E2237216BB003F7649 /* RootComponent.swift */,
				863066D023720D1D003F7649 /* RootBuilderImpl.swift */,
				863066D223720D2D003F7649 /* RootRouterImpl.swift */,
				863066DE2372152A003F7649 /* RootViewController.swift */,
				863066D423720D40003F7649 /* RootCoordinatorImpl.swift */,
			);
			path = Root;
			sourceTree = "<group>";
		};
		866ADBAB2371F6FB00B5CA06 = {
			isa = PBXGroup;
			children = (
				866ADBB62371F6FB00B5CA06 /* AddressBook */,
				866ADBCB2371F6FC00B5CA06 /* AddressBookTests */,
				866ADBB52371F6FB00B5CA06 /* Products */,
				FA8BEDCFD7C446322CC0ABDE /* Pods */,
				FF4FF3AEF66C429F27EBF13E /* Frameworks */,
			);
			sourceTree = "<group>";
		};
		866ADBB52371F6FB00B5CA06 /* Products */ = {
			isa = PBXGroup;
			children = (
				866ADBB42371F6FB00B5CA06 /* AddressBook.app */,
				866ADBC82371F6FC00B5CA06 /* AddressBookTests.xctest */,
			);
			name = Products;
			sourceTree = "<group>";
		};
		866ADBB62371F6FB00B5CA06 /* AddressBook */ = {
			isa = PBXGroup;
			children = (
				863066CD237202CF003F7649 /* Application */,
				863066C12371FD69003F7649 /* Data */,
				863066C02371FD57003F7649 /* Domain */,
				863066C22371FD75003F7649 /* Presentation */,
				866ADBB92371F6FB00B5CA06 /* ViewController.swift */,
				866ADBBE2371F6FC00B5CA06 /* Assets.xcassets */,
				866ADBC02371F6FC00B5CA06 /* LaunchScreen.storyboard */,
				866ADBC32371F6FC00B5CA06 /* Info.plist */,
			);
			path = AddressBook;
			sourceTree = "<group>";
		};
		866ADBCB2371F6FC00B5CA06 /* AddressBookTests */ = {
			isa = PBXGroup;
			children = (
				866ADBCC2371F6FC00B5CA06 /* AddressBookTests.swift */,
				866ADBCE2371F6FC00B5CA06 /* Info.plist */,
			);
			path = AddressBookTests;
			sourceTree = "<group>";
		};
		FA8BEDCFD7C446322CC0ABDE /* Pods */ = {
			isa = PBXGroup;
			children = (
				8693FF14602B8BACB6CFDA86 /* Pods-AddressBook.debug.xcconfig */,
				0DDED7D938DEA6CDAA74B2DF /* Pods-AddressBook.release.xcconfig */,
				7B50F990FE117F942A34C350 /* Pods-AddressBookTests.debug.xcconfig */,
				70C6EF6CB15B3832A861B6CD /* Pods-AddressBookTests.release.xcconfig */,
			);
			path = Pods;
			sourceTree = "<group>";
		};
		FF4FF3AEF66C429F27EBF13E /* Frameworks */ = {
			isa = PBXGroup;
			children = (
				F83209A7565EB3DC7F827781 /* Pods_AddressBook.framework */,
				96356CCF15C2F5148C5EF55F /* Pods_AddressBookTests.framework */,
			);
			name = Frameworks;
			sourceTree = "<group>";
		};
/* End PBXGroup section */

/* Begin PBXNativeTarget section */
		866ADBB32371F6FB00B5CA06 /* AddressBook */ = {
			isa = PBXNativeTarget;
			buildConfigurationList = 866ADBD12371F6FC00B5CA06 /* Build configuration list for PBXNativeTarget "AddressBook" */;
			buildPhases = (
				291ABD02DDB9DB0A5A92F7F2 /* [CP] Check Pods Manifest.lock */,
				866ADBB02371F6FB00B5CA06 /* Sources */,
				866ADBB12371F6FB00B5CA06 /* Frameworks */,
				866ADBB22371F6FB00B5CA06 /* Resources */,
				7BFE26A153DC58F7447987D2 /* [CP] Embed Pods Frameworks */,
			);
			buildRules = (
			);
			dependencies = (
			);
			name = AddressBook;
			productName = AddressBook;
			productReference = 866ADBB42371F6FB00B5CA06 /* AddressBook.app */;
			productType = "com.apple.product-type.application";
		};
		866ADBC72371F6FC00B5CA06 /* AddressBookTests */ = {
			isa = PBXNativeTarget;
			buildConfigurationList = 866ADBD42371F6FC00B5CA06 /* Build configuration list for PBXNativeTarget "AddressBookTests" */;
			buildPhases = (
				F22781B77AC6858CAEC67C25 /* [CP] Check Pods Manifest.lock */,
				866ADBC42371F6FC00B5CA06 /* Sources */,
				866ADBC52371F6FC00B5CA06 /* Frameworks */,
				866ADBC62371F6FC00B5CA06 /* Resources */,
				C0C7F98B29A23A0BFB025732 /* [CP] Embed Pods Frameworks */,
			);
			buildRules = (
			);
			dependencies = (
				866ADBCA2371F6FC00B5CA06 /* PBXTargetDependency */,
			);
			name = AddressBookTests;
			productName = AddressBookTests;
			productReference = 866ADBC82371F6FC00B5CA06 /* AddressBookTests.xctest */;
			productType = "com.apple.product-type.bundle.unit-test";
		};
/* End PBXNativeTarget section */

/* Begin PBXProject section */
		866ADBAC2371F6FB00B5CA06 /* Project object */ = {
			isa = PBXProject;
			attributes = {
				LastSwiftUpdateCheck = 1030;
				LastUpgradeCheck = 1030;
				ORGANIZATIONNAME = Touchlane;
				TargetAttributes = {
					866ADBB32371F6FB00B5CA06 = {
						CreatedOnToolsVersion = 10.3;
					};
					866ADBC72371F6FC00B5CA06 = {
						CreatedOnToolsVersion = 10.3;
						TestTargetID = 866ADBB32371F6FB00B5CA06;
					};
				};
			};
			buildConfigurationList = 866ADBAF2371F6FB00B5CA06 /* Build configuration list for PBXProject "AddressBook" */;
			compatibilityVersion = "Xcode 9.3";
			developmentRegion = en;
			hasScannedForEncodings = 0;
			knownRegions = (
				en,
				Base,
			);
			mainGroup = 866ADBAB2371F6FB00B5CA06;
			productRefGroup = 866ADBB52371F6FB00B5CA06 /* Products */;
			projectDirPath = "";
			projectRoot = "";
			targets = (
				866ADBB32371F6FB00B5CA06 /* AddressBook */,
				866ADBC72371F6FC00B5CA06 /* AddressBookTests */,
			);
		};
/* End PBXProject section */

/* Begin PBXResourcesBuildPhase section */
		866ADBB22371F6FB00B5CA06 /* Resources */ = {
			isa = PBXResourcesBuildPhase;
			buildActionMask = 2147483647;
			files = (
				866ADBC22371F6FC00B5CA06 /* LaunchScreen.storyboard in Resources */,
				866ADBBF2371F6FC00B5CA06 /* Assets.xcassets in Resources */,
			);
			runOnlyForDeploymentPostprocessing = 0;
		};
		866ADBC62371F6FC00B5CA06 /* Resources */ = {
			isa = PBXResourcesBuildPhase;
			buildActionMask = 2147483647;
			files = (
			);
			runOnlyForDeploymentPostprocessing = 0;
		};
/* End PBXResourcesBuildPhase section */

/* Begin PBXShellScriptBuildPhase section */
		291ABD02DDB9DB0A5A92F7F2 /* [CP] Check Pods Manifest.lock */ = {
			isa = PBXShellScriptBuildPhase;
			buildActionMask = 2147483647;
			files = (
			);
			inputFileListPaths = (
			);
			inputPaths = (
				"${PODS_PODFILE_DIR_PATH}/Podfile.lock",
				"${PODS_ROOT}/Manifest.lock",
			);
			name = "[CP] Check Pods Manifest.lock";
			outputFileListPaths = (
			);
			outputPaths = (
				"$(DERIVED_FILE_DIR)/Pods-AddressBook-checkManifestLockResult.txt",
			);
			runOnlyForDeploymentPostprocessing = 0;
			shellPath = /bin/sh;
			shellScript = "diff \"${PODS_PODFILE_DIR_PATH}/Podfile.lock\" \"${PODS_ROOT}/Manifest.lock\" > /dev/null\nif [ $? != 0 ] ; then\n    # print error to STDERR\n    echo \"error: The sandbox is not in sync with the Podfile.lock. Run 'pod install' or update your CocoaPods installation.\" >&2\n    exit 1\nfi\n# This output is used by Xcode 'outputs' to avoid re-running this script phase.\necho \"SUCCESS\" > \"${SCRIPT_OUTPUT_FILE_0}\"\n";
			showEnvVarsInLog = 0;
		};
		7BFE26A153DC58F7447987D2 /* [CP] Embed Pods Frameworks */ = {
			isa = PBXShellScriptBuildPhase;
			buildActionMask = 2147483647;
			files = (
			);
			inputFileListPaths = (
				"${PODS_ROOT}/Target Support Files/Pods-AddressBook/Pods-AddressBook-frameworks-${CONFIGURATION}-input-files.xcfilelist",
			);
			name = "[CP] Embed Pods Frameworks";
			outputFileListPaths = (
				"${PODS_ROOT}/Target Support Files/Pods-AddressBook/Pods-AddressBook-frameworks-${CONFIGURATION}-output-files.xcfilelist",
			);
			runOnlyForDeploymentPostprocessing = 0;
			shellPath = /bin/sh;
			shellScript = "\"${PODS_ROOT}/Target Support Files/Pods-AddressBook/Pods-AddressBook-frameworks.sh\"\n";
			showEnvVarsInLog = 0;
		};
		C0C7F98B29A23A0BFB025732 /* [CP] Embed Pods Frameworks */ = {
			isa = PBXShellScriptBuildPhase;
			buildActionMask = 2147483647;
			files = (
			);
			inputFileListPaths = (
				"${PODS_ROOT}/Target Support Files/Pods-AddressBookTests/Pods-AddressBookTests-frameworks-${CONFIGURATION}-input-files.xcfilelist",
			);
			name = "[CP] Embed Pods Frameworks";
			outputFileListPaths = (
				"${PODS_ROOT}/Target Support Files/Pods-AddressBookTests/Pods-AddressBookTests-frameworks-${CONFIGURATION}-output-files.xcfilelist",
			);
			runOnlyForDeploymentPostprocessing = 0;
			shellPath = /bin/sh;
			shellScript = "\"${PODS_ROOT}/Target Support Files/Pods-AddressBookTests/Pods-AddressBookTests-frameworks.sh\"\n";
			showEnvVarsInLog = 0;
		};
		F22781B77AC6858CAEC67C25 /* [CP] Check Pods Manifest.lock */ = {
			isa = PBXShellScriptBuildPhase;
			buildActionMask = 2147483647;
			files = (
			);
			inputFileListPaths = (
			);
			inputPaths = (
				"${PODS_PODFILE_DIR_PATH}/Podfile.lock",
				"${PODS_ROOT}/Manifest.lock",
			);
			name = "[CP] Check Pods Manifest.lock";
			outputFileListPaths = (
			);
			outputPaths = (
				"$(DERIVED_FILE_DIR)/Pods-AddressBookTests-checkManifestLockResult.txt",
			);
			runOnlyForDeploymentPostprocessing = 0;
			shellPath = /bin/sh;
			shellScript = "diff \"${PODS_PODFILE_DIR_PATH}/Podfile.lock\" \"${PODS_ROOT}/Manifest.lock\" > /dev/null\nif [ $? != 0 ] ; then\n    # print error to STDERR\n    echo \"error: The sandbox is not in sync with the Podfile.lock. Run 'pod install' or update your CocoaPods installation.\" >&2\n    exit 1\nfi\n# This output is used by Xcode 'outputs' to avoid re-running this script phase.\necho \"SUCCESS\" > \"${SCRIPT_OUTPUT_FILE_0}\"\n";
			showEnvVarsInLog = 0;
		};
/* End PBXShellScriptBuildPhase section */

/* Begin PBXSourcesBuildPhase section */
		866ADBB02371F6FB00B5CA06 /* Sources */ = {
			isa = PBXSourcesBuildPhase;
			buildActionMask = 2147483647;
			files = (
				863066C423720024003F7649 /* ContactsListViewController.swift in Sources */,
				863066CC23720200003F7649 /* ContactsListBuilderImpl.swift in Sources */,
				863066D923720EB4003F7649 /* ContactsListContract.swift in Sources */,
				863066D523720D40003F7649 /* RootCoordinatorImpl.swift in Sources */,
				863066C6237201DC003F7649 /* ContactsListViewModelImpl.swift in Sources */,
				863066E3237216BB003F7649 /* RootComponent.swift in Sources */,
				863066DF2372152A003F7649 /* RootViewController.swift in Sources */,
				863066DD2372145A003F7649 /* RootContract.swift in Sources */,
				866ADBBA2371F6FB00B5CA06 /* ViewController.swift in Sources */,
				863066D323720D2D003F7649 /* RootRouterImpl.swift in Sources */,
				863066C8237201E5003F7649 /* ContactListInteractor.swift in Sources */,
				863066DB23721344003F7649 /* ContactsListCoordinatorImpl.swift in Sources */,
				866ADBB82371F6FB00B5CA06 /* AppDelegate.swift in Sources */,
				863066CA237201F3003F7649 /* ContactsListRouterImpl.swift in Sources */,
				863066D723720D78003F7649 /* AppComponent.swift in Sources */,
				863066D123720D1D003F7649 /* RootBuilderImpl.swift in Sources */,
			);
			runOnlyForDeploymentPostprocessing = 0;
		};
		866ADBC42371F6FC00B5CA06 /* Sources */ = {
			isa = PBXSourcesBuildPhase;
			buildActionMask = 2147483647;
			files = (
				866ADBCD2371F6FC00B5CA06 /* AddressBookTests.swift in Sources */,
			);
			runOnlyForDeploymentPostprocessing = 0;
		};
/* End PBXSourcesBuildPhase section */

/* Begin PBXTargetDependency section */
		866ADBCA2371F6FC00B5CA06 /* PBXTargetDependency */ = {
			isa = PBXTargetDependency;
			target = 866ADBB32371F6FB00B5CA06 /* AddressBook */;
			targetProxy = 866ADBC92371F6FC00B5CA06 /* PBXContainerItemProxy */;
		};
/* End PBXTargetDependency section */

/* Begin PBXVariantGroup section */
		866ADBC02371F6FC00B5CA06 /* LaunchScreen.storyboard */ = {
			isa = PBXVariantGroup;
			children = (
				866ADBC12371F6FC00B5CA06 /* Base */,
			);
			name = LaunchScreen.storyboard;
			sourceTree = "<group>";
		};
/* End PBXVariantGroup section */

/* Begin XCBuildConfiguration section */
		866ADBCF2371F6FC00B5CA06 /* Debug */ = {
			isa = XCBuildConfiguration;
			buildSettings = {
				ALWAYS_SEARCH_USER_PATHS = NO;
				CLANG_ANALYZER_NONNULL = YES;
				CLANG_ANALYZER_NUMBER_OBJECT_CONVERSION = YES_AGGRESSIVE;
				CLANG_CXX_LANGUAGE_STANDARD = "gnu++14";
				CLANG_CXX_LIBRARY = "libc++";
				CLANG_ENABLE_MODULES = YES;
				CLANG_ENABLE_OBJC_ARC = YES;
				CLANG_ENABLE_OBJC_WEAK = YES;
				CLANG_WARN_BLOCK_CAPTURE_AUTORELEASING = YES;
				CLANG_WARN_BOOL_CONVERSION = YES;
				CLANG_WARN_COMMA = YES;
				CLANG_WARN_CONSTANT_CONVERSION = YES;
				CLANG_WARN_DEPRECATED_OBJC_IMPLEMENTATIONS = YES;
				CLANG_WARN_DIRECT_OBJC_ISA_USAGE = YES_ERROR;
				CLANG_WARN_DOCUMENTATION_COMMENTS = YES;
				CLANG_WARN_EMPTY_BODY = YES;
				CLANG_WARN_ENUM_CONVERSION = YES;
				CLANG_WARN_INFINITE_RECURSION = YES;
				CLANG_WARN_INT_CONVERSION = YES;
				CLANG_WARN_NON_LITERAL_NULL_CONVERSION = YES;
				CLANG_WARN_OBJC_IMPLICIT_RETAIN_SELF = YES;
				CLANG_WARN_OBJC_LITERAL_CONVERSION = YES;
				CLANG_WARN_OBJC_ROOT_CLASS = YES_ERROR;
				CLANG_WARN_RANGE_LOOP_ANALYSIS = YES;
				CLANG_WARN_STRICT_PROTOTYPES = YES;
				CLANG_WARN_SUSPICIOUS_MOVE = YES;
				CLANG_WARN_UNGUARDED_AVAILABILITY = YES_AGGRESSIVE;
				CLANG_WARN_UNREACHABLE_CODE = YES;
				CLANG_WARN__DUPLICATE_METHOD_MATCH = YES;
				CODE_SIGN_IDENTITY = "iPhone Developer";
				COPY_PHASE_STRIP = NO;
				DEBUG_INFORMATION_FORMAT = dwarf;
				ENABLE_STRICT_OBJC_MSGSEND = YES;
				ENABLE_TESTABILITY = YES;
				GCC_C_LANGUAGE_STANDARD = gnu11;
				GCC_DYNAMIC_NO_PIC = NO;
				GCC_NO_COMMON_BLOCKS = YES;
				GCC_OPTIMIZATION_LEVEL = 0;
				GCC_PREPROCESSOR_DEFINITIONS = (
					"DEBUG=1",
					"$(inherited)",
				);
				GCC_WARN_64_TO_32_BIT_CONVERSION = YES;
				GCC_WARN_ABOUT_RETURN_TYPE = YES_ERROR;
				GCC_WARN_UNDECLARED_SELECTOR = YES;
				GCC_WARN_UNINITIALIZED_AUTOS = YES_AGGRESSIVE;
				GCC_WARN_UNUSED_FUNCTION = YES;
				GCC_WARN_UNUSED_VARIABLE = YES;
				IPHONEOS_DEPLOYMENT_TARGET = 12.4;
				MTL_ENABLE_DEBUG_INFO = INCLUDE_SOURCE;
				MTL_FAST_MATH = YES;
				ONLY_ACTIVE_ARCH = YES;
				SDKROOT = iphoneos;
				SWIFT_ACTIVE_COMPILATION_CONDITIONS = DEBUG;
				SWIFT_OPTIMIZATION_LEVEL = "-Onone";
			};
			name = Debug;
		};
		866ADBD02371F6FC00B5CA06 /* Release */ = {
			isa = XCBuildConfiguration;
			buildSettings = {
				ALWAYS_SEARCH_USER_PATHS = NO;
				CLANG_ANALYZER_NONNULL = YES;
				CLANG_ANALYZER_NUMBER_OBJECT_CONVERSION = YES_AGGRESSIVE;
				CLANG_CXX_LANGUAGE_STANDARD = "gnu++14";
				CLANG_CXX_LIBRARY = "libc++";
				CLANG_ENABLE_MODULES = YES;
				CLANG_ENABLE_OBJC_ARC = YES;
				CLANG_ENABLE_OBJC_WEAK = YES;
				CLANG_WARN_BLOCK_CAPTURE_AUTORELEASING = YES;
				CLANG_WARN_BOOL_CONVERSION = YES;
				CLANG_WARN_COMMA = YES;
				CLANG_WARN_CONSTANT_CONVERSION = YES;
				CLANG_WARN_DEPRECATED_OBJC_IMPLEMENTATIONS = YES;
				CLANG_WARN_DIRECT_OBJC_ISA_USAGE = YES_ERROR;
				CLANG_WARN_DOCUMENTATION_COMMENTS = YES;
				CLANG_WARN_EMPTY_BODY = YES;
				CLANG_WARN_ENUM_CONVERSION = YES;
				CLANG_WARN_INFINITE_RECURSION = YES;
				CLANG_WARN_INT_CONVERSION = YES;
				CLANG_WARN_NON_LITERAL_NULL_CONVERSION = YES;
				CLANG_WARN_OBJC_IMPLICIT_RETAIN_SELF = YES;
				CLANG_WARN_OBJC_LITERAL_CONVERSION = YES;
				CLANG_WARN_OBJC_ROOT_CLASS = YES_ERROR;
				CLANG_WARN_RANGE_LOOP_ANALYSIS = YES;
				CLANG_WARN_STRICT_PROTOTYPES = YES;
				CLANG_WARN_SUSPICIOUS_MOVE = YES;
				CLANG_WARN_UNGUARDED_AVAILABILITY = YES_AGGRESSIVE;
				CLANG_WARN_UNREACHABLE_CODE = YES;
				CLANG_WARN__DUPLICATE_METHOD_MATCH = YES;
				CODE_SIGN_IDENTITY = "iPhone Developer";
				COPY_PHASE_STRIP = NO;
				DEBUG_INFORMATION_FORMAT = "dwarf-with-dsym";
				ENABLE_NS_ASSERTIONS = NO;
				ENABLE_STRICT_OBJC_MSGSEND = YES;
				GCC_C_LANGUAGE_STANDARD = gnu11;
				GCC_NO_COMMON_BLOCKS = YES;
				GCC_WARN_64_TO_32_BIT_CONVERSION = YES;
				GCC_WARN_ABOUT_RETURN_TYPE = YES_ERROR;
				GCC_WARN_UNDECLARED_SELECTOR = YES;
				GCC_WARN_UNINITIALIZED_AUTOS = YES_AGGRESSIVE;
				GCC_WARN_UNUSED_FUNCTION = YES;
				GCC_WARN_UNUSED_VARIABLE = YES;
				IPHONEOS_DEPLOYMENT_TARGET = 12.4;
				MTL_ENABLE_DEBUG_INFO = NO;
				MTL_FAST_MATH = YES;
				SDKROOT = iphoneos;
				SWIFT_COMPILATION_MODE = wholemodule;
				SWIFT_OPTIMIZATION_LEVEL = "-O";
				VALIDATE_PRODUCT = YES;
			};
			name = Release;
		};
		866ADBD22371F6FC00B5CA06 /* Debug */ = {
			isa = XCBuildConfiguration;
			baseConfigurationReference = 8693FF14602B8BACB6CFDA86 /* Pods-AddressBook.debug.xcconfig */;
			buildSettings = {
				ALWAYS_EMBED_SWIFT_STANDARD_LIBRARIES = "$(inherited)";
				ASSETCATALOG_COMPILER_APPICON_NAME = AppIcon;
				CODE_SIGN_STYLE = Automatic;
				INFOPLIST_FILE = AddressBook/Info.plist;
				IPHONEOS_DEPLOYMENT_TARGET = 10.0;
				LD_RUNPATH_SEARCH_PATHS = (
					"$(inherited)",
					"@executable_path/Frameworks",
				);
				PRODUCT_BUNDLE_IDENTIFIER = com.touchlane.addressbook;
				PRODUCT_NAME = "$(TARGET_NAME)";
				SWIFT_VERSION = 5.0;
				TARGETED_DEVICE_FAMILY = "1,2";
			};
			name = Debug;
		};
		866ADBD32371F6FC00B5CA06 /* Release */ = {
			isa = XCBuildConfiguration;
			baseConfigurationReference = 0DDED7D938DEA6CDAA74B2DF /* Pods-AddressBook.release.xcconfig */;
			buildSettings = {
				ALWAYS_EMBED_SWIFT_STANDARD_LIBRARIES = "$(inherited)";
				ASSETCATALOG_COMPILER_APPICON_NAME = AppIcon;
				CODE_SIGN_STYLE = Automatic;
				INFOPLIST_FILE = AddressBook/Info.plist;
				IPHONEOS_DEPLOYMENT_TARGET = 10.0;
				LD_RUNPATH_SEARCH_PATHS = (
					"$(inherited)",
					"@executable_path/Frameworks",
				);
				PRODUCT_BUNDLE_IDENTIFIER = com.touchlane.addressbook;
				PRODUCT_NAME = "$(TARGET_NAME)";
				SWIFT_VERSION = 5.0;
				TARGETED_DEVICE_FAMILY = "1,2";
			};
			name = Release;
		};
		866ADBD52371F6FC00B5CA06 /* Debug */ = {
			isa = XCBuildConfiguration;
			baseConfigurationReference = 7B50F990FE117F942A34C350 /* Pods-AddressBookTests.debug.xcconfig */;
			buildSettings = {
				ALWAYS_EMBED_SWIFT_STANDARD_LIBRARIES = "$(inherited)";
				BUNDLE_LOADER = "$(TEST_HOST)";
				CODE_SIGN_STYLE = Automatic;
				INFOPLIST_FILE = AddressBookTests/Info.plist;
				LD_RUNPATH_SEARCH_PATHS = (
					"$(inherited)",
					"@executable_path/Frameworks",
					"@loader_path/Frameworks",
				);
				PRODUCT_BUNDLE_IDENTIFIER = com.touchlane.AddressBookTests;
				PRODUCT_NAME = "$(TARGET_NAME)";
				SWIFT_VERSION = 5.0;
				TARGETED_DEVICE_FAMILY = "1,2";
				TEST_HOST = "$(BUILT_PRODUCTS_DIR)/AddressBook.app/AddressBook";
			};
			name = Debug;
		};
		866ADBD62371F6FC00B5CA06 /* Release */ = {
			isa = XCBuildConfiguration;
			baseConfigurationReference = 70C6EF6CB15B3832A861B6CD /* Pods-AddressBookTests.release.xcconfig */;
			buildSettings = {
				ALWAYS_EMBED_SWIFT_STANDARD_LIBRARIES = "$(inherited)";
				BUNDLE_LOADER = "$(TEST_HOST)";
				CODE_SIGN_STYLE = Automatic;
				INFOPLIST_FILE = AddressBookTests/Info.plist;
				LD_RUNPATH_SEARCH_PATHS = (
					"$(inherited)",
					"@executable_path/Frameworks",
					"@loader_path/Frameworks",
				);
				PRODUCT_BUNDLE_IDENTIFIER = com.touchlane.AddressBookTests;
				PRODUCT_NAME = "$(TARGET_NAME)";
				SWIFT_VERSION = 5.0;
				TARGETED_DEVICE_FAMILY = "1,2";
				TEST_HOST = "$(BUILT_PRODUCTS_DIR)/AddressBook.app/AddressBook";
			};
			name = Release;
		};
/* End XCBuildConfiguration section */

/* Begin XCConfigurationList section */
		866ADBAF2371F6FB00B5CA06 /* Build configuration list for PBXProject "AddressBook" */ = {
			isa = XCConfigurationList;
			buildConfigurations = (
				866ADBCF2371F6FC00B5CA06 /* Debug */,
				866ADBD02371F6FC00B5CA06 /* Release */,
			);
			defaultConfigurationIsVisible = 0;
			defaultConfigurationName = Release;
		};
		866ADBD12371F6FC00B5CA06 /* Build configuration list for PBXNativeTarget "AddressBook" */ = {
			isa = XCConfigurationList;
			buildConfigurations = (
				866ADBD22371F6FC00B5CA06 /* Debug */,
				866ADBD32371F6FC00B5CA06 /* Release */,
			);
			defaultConfigurationIsVisible = 0;
			defaultConfigurationName = Release;
		};
		866ADBD42371F6FC00B5CA06 /* Build configuration list for PBXNativeTarget "AddressBookTests" */ = {
			isa = XCConfigurationList;
			buildConfigurations = (
				866ADBD52371F6FC00B5CA06 /* Debug */,
				866ADBD62371F6FC00B5CA06 /* Release */,
			);
			defaultConfigurationIsVisible = 0;
			defaultConfigurationName = Release;
		};
/* End XCConfigurationList section */
	};
	rootObject = 866ADBAC2371F6FB00B5CA06 /* Project object */;
}
